// !$*UTF8*$!
{
	archiveVersion = 1;
	classes = {
	};
	objectVersion = 50;
	objects = {

/* Begin PBXBuildFile section */
		DFB29D4A248CD3AC00F7ABC9 /* Main.storyboard in Resources */ = {isa = PBXBuildFile; fileRef = DFB29D49248CD3AC00F7ABC9 /* Main.storyboard */; };
		DFCF428A248CCA21005DD239 /* AppDelegate.swift in Sources */ = {isa = PBXBuildFile; fileRef = DFCF4289248CCA21005DD239 /* AppDelegate.swift */; };
		DFCF428C248CCA21005DD239 /* SceneDelegate.swift in Sources */ = {isa = PBXBuildFile; fileRef = DFCF428B248CCA21005DD239 /* SceneDelegate.swift */; };
		DFCF428E248CCA21005DD239 /* MainViewController.swift in Sources */ = {isa = PBXBuildFile; fileRef = DFCF428D248CCA21005DD239 /* MainViewController.swift */; };
		DFCF4293248CCA22005DD239 /* Assets.xcassets in Resources */ = {isa = PBXBuildFile; fileRef = DFCF4292248CCA22005DD239 /* Assets.xcassets */; };
		DFCF4296248CCA22005DD239 /* LaunchScreen.storyboard in Resources */ = {isa = PBXBuildFile; fileRef = DFCF4294248CCA22005DD239 /* LaunchScreen.storyboard */; };
/* End PBXBuildFile section */

/* Begin PBXFileReference section */
		DFB29D49248CD3AC00F7ABC9 /* Main.storyboard */ = {isa = PBXFileReference; fileEncoding = 4; lastKnownFileType = file.storyboard; path = Main.storyboard; sourceTree = "<group>"; };
		DFCF4286248CCA21005DD239 /* DARTSLIVE-Home.app */ = {isa = PBXFileReference; explicitFileType = wrapper.application; includeInIndex = 0; path = "DARTSLIVE-Home.app"; sourceTree = BUILT_PRODUCTS_DIR; };
		DFCF4289248CCA21005DD239 /* AppDelegate.swift */ = {isa = PBXFileReference; lastKnownFileType = sourcecode.swift; path = AppDelegate.swift; sourceTree = "<group>"; };
		DFCF428B248CCA21005DD239 /* SceneDelegate.swift */ = {isa = PBXFileReference; lastKnownFileType = sourcecode.swift; path = SceneDelegate.swift; sourceTree = "<group>"; };
		DFCF428D248CCA21005DD239 /* MainViewController.swift */ = {isa = PBXFileReference; lastKnownFileType = sourcecode.swift; path = MainViewController.swift; sourceTree = "<group>"; };
		DFCF4292248CCA22005DD239 /* Assets.xcassets */ = {isa = PBXFileReference; lastKnownFileType = folder.assetcatalog; path = Assets.xcassets; sourceTree = "<group>"; };
		DFCF4295248CCA22005DD239 /* Base */ = {isa = PBXFileReference; lastKnownFileType = file.storyboard; name = Base; path = Base.lproj/LaunchScreen.storyboard; sourceTree = "<group>"; };
		DFCF4297248CCA22005DD239 /* Info.plist */ = {isa = PBXFileReference; lastKnownFileType = text.plist.xml; path = Info.plist; sourceTree = "<group>"; };
/* End PBXFileReference section */

/* Begin PBXFrameworksBuildPhase section */
		DFCF4283248CCA21005DD239 /* Frameworks */ = {
			isa = PBXFrameworksBuildPhase;
			buildActionMask = 2147483647;
			files = (
			);
			runOnlyForDeploymentPostprocessing = 0;
		};
/* End PBXFrameworksBuildPhase section */

/* Begin PBXGroup section */
		DFB29D44248CD31900F7ABC9 /* Sources */ = {
			isa = PBXGroup;
			children = (
				DFB29D46248CD33400F7ABC9 /* Common */,
				DFB29D45248CD32600F7ABC9 /* Controller */,
			);
			path = Sources;
			sourceTree = "<group>";
		};
		DFB29D45248CD32600F7ABC9 /* Controller */ = {
			isa = PBXGroup;
			children = (
				DFB29D49248CD3AC00F7ABC9 /* Main.storyboard */,
				DFCF428D248CCA21005DD239 /* MainViewController.swift */,
			);
			path = Controller;
			sourceTree = "<group>";
		};
		DFB29D46248CD33400F7ABC9 /* Common */ = {
			isa = PBXGroup;
			children = (
				DFCF4289248CCA21005DD239 /* AppDelegate.swift */,
				DFCF428B248CCA21005DD239 /* SceneDelegate.swift */,
			);
			path = Common;
			sourceTree = "<group>";
		};
		DFB29D47248CD33F00F7ABC9 /* Resources */ = {
			isa = PBXGroup;
			children = (
				DFCF4294248CCA22005DD239 /* LaunchScreen.storyboard */,
				DFCF4292248CCA22005DD239 /* Assets.xcassets */,
			);
			path = Resources;
			sourceTree = "<group>";
		};
		DFB29D48248CD34800F7ABC9 /* SupportingFiles */ = {
			isa = PBXGroup;
			children = (
				DFCF4297248CCA22005DD239 /* Info.plist */,
			);
			path = SupportingFiles;
			sourceTree = "<group>";
		};
		DFCF427D248CCA21005DD239 = {
			isa = PBXGroup;
			children = (
				DFCF4288248CCA21005DD239 /* DARTSLIVE-Home */,
				DFCF4287248CCA21005DD239 /* Products */,
			);
			sourceTree = "<group>";
		};
		DFCF4287248CCA21005DD239 /* Products */ = {
			isa = PBXGroup;
			children = (
				DFCF4286248CCA21005DD239 /* DARTSLIVE-Home.app */,
			);
			name = Products;
			sourceTree = "<group>";
		};
		DFCF4288248CCA21005DD239 /* DARTSLIVE-Home */ = {
			isa = PBXGroup;
			children = (
				DFB29D47248CD33F00F7ABC9 /* Resources */,
				DFB29D44248CD31900F7ABC9 /* Sources */,
				DFB29D48248CD34800F7ABC9 /* SupportingFiles */,
			);
			path = "DARTSLIVE-Home";
			sourceTree = "<group>";
		};
/* End PBXGroup section */

/* Begin PBXNativeTarget section */
		DFCF4285248CCA21005DD239 /* DARTSLIVE-Home */ = {
			isa = PBXNativeTarget;
			buildConfigurationList = DFCF429A248CCA22005DD239 /* Build configuration list for PBXNativeTarget "DARTSLIVE-Home" */;
			buildPhases = (
				DFCF4282248CCA21005DD239 /* Sources */,
				DFCF4283248CCA21005DD239 /* Frameworks */,
				DFCF4284248CCA21005DD239 /* Resources */,
			);
			buildRules = (
			);
			dependencies = (
			);
			name = "DARTSLIVE-Home";
			productName = "DARTSLIVE-Home";
			productReference = DFCF4286248CCA21005DD239 /* DARTSLIVE-Home.app */;
			productType = "com.apple.product-type.application";
		};
/* End PBXNativeTarget section */

/* Begin PBXProject section */
		DFCF427E248CCA21005DD239 /* Project object */ = {
			isa = PBXProject;
			attributes = {
				LastSwiftUpdateCheck = 1130;
				LastUpgradeCheck = 1130;
				ORGANIZATIONNAME = "赤迫亮太";
				TargetAttributes = {
					DFCF4285248CCA21005DD239 = {
						CreatedOnToolsVersion = 11.3.1;
					};
				};
			};
			buildConfigurationList = DFCF4281248CCA21005DD239 /* Build configuration list for PBXProject "DARTSLIVE-Home" */;
			compatibilityVersion = "Xcode 9.3";
			developmentRegion = en;
			hasScannedForEncodings = 0;
			knownRegions = (
				en,
				Base,
			);
			mainGroup = DFCF427D248CCA21005DD239;
			productRefGroup = DFCF4287248CCA21005DD239 /* Products */;
			projectDirPath = "";
			projectRoot = "";
			targets = (
				DFCF4285248CCA21005DD239 /* DARTSLIVE-Home */,
			);
		};
/* End PBXProject section */

/* Begin PBXResourcesBuildPhase section */
		DFCF4284248CCA21005DD239 /* Resources */ = {
			isa = PBXResourcesBuildPhase;
			buildActionMask = 2147483647;
			files = (
				DFB29D4A248CD3AC00F7ABC9 /* Main.storyboard in Resources */,
				DFCF4296248CCA22005DD239 /* LaunchScreen.storyboard in Resources */,
				DFCF4293248CCA22005DD239 /* Assets.xcassets in Resources */,
			);
			runOnlyForDeploymentPostprocessing = 0;
		};
/* End PBXResourcesBuildPhase section */

/* Begin PBXSourcesBuildPhase section */
		DFCF4282248CCA21005DD239 /* Sources */ = {
			isa = PBXSourcesBuildPhase;
			buildActionMask = 2147483647;
			files = (
				DFCF428E248CCA21005DD239 /* MainViewController.swift in Sources */,
				DFCF428A248CCA21005DD239 /* AppDelegate.swift in Sources */,
				DFCF428C248CCA21005DD239 /* SceneDelegate.swift in Sources */,
			);
			runOnlyForDeploymentPostprocessing = 0;
		};
/* End PBXSourcesBuildPhase section */

/* Begin PBXVariantGroup section */
		DFCF4294248CCA22005DD239 /* LaunchScreen.storyboard */ = {
			isa = PBXVariantGroup;
			children = (
				DFCF4295248CCA22005DD239 /* Base */,
			);
			name = LaunchScreen.storyboard;
			sourceTree = "<group>";
		};
/* End PBXVariantGroup section */

/* Begin XCBuildConfiguration section */
		DFCF4298248CCA22005DD239 /* Debug */ = {
			isa = XCBuildConfiguration;
			buildSettings = {
				ALWAYS_SEARCH_USER_PATHS = NO;
				CLANG_ANALYZER_NONNULL = YES;
				CLANG_ANALYZER_NUMBER_OBJECT_CONVERSION = YES_AGGRESSIVE;
				CLANG_CXX_LANGUAGE_STANDARD = "gnu++14";
				CLANG_CXX_LIBRARY = "libc++";
				CLANG_ENABLE_MODULES = YES;
				CLANG_ENABLE_OBJC_ARC = YES;
				CLANG_ENABLE_OBJC_WEAK = YES;
				CLANG_WARN_BLOCK_CAPTURE_AUTORELEASING = YES;
				CLANG_WARN_BOOL_CONVERSION = YES;
				CLANG_WARN_COMMA = YES;
				CLANG_WARN_CONSTANT_CONVERSION = YES;
				CLANG_WARN_DEPRECATED_OBJC_IMPLEMENTATIONS = YES;
				CLANG_WARN_DIRECT_OBJC_ISA_USAGE = YES_ERROR;
				CLANG_WARN_DOCUMENTATION_COMMENTS = YES;
				CLANG_WARN_EMPTY_BODY = YES;
				CLANG_WARN_ENUM_CONVERSION = YES;
				CLANG_WARN_INFINITE_RECURSION = YES;
				CLANG_WARN_INT_CONVERSION = YES;
				CLANG_WARN_NON_LITERAL_NULL_CONVERSION = YES;
				CLANG_WARN_OBJC_IMPLICIT_RETAIN_SELF = YES;
				CLANG_WARN_OBJC_LITERAL_CONVERSION = YES;
				CLANG_WARN_OBJC_ROOT_CLASS = YES_ERROR;
				CLANG_WARN_RANGE_LOOP_ANALYSIS = YES;
				CLANG_WARN_STRICT_PROTOTYPES = YES;
				CLANG_WARN_SUSPICIOUS_MOVE = YES;
				CLANG_WARN_UNGUARDED_AVAILABILITY = YES_AGGRESSIVE;
				CLANG_WARN_UNREACHABLE_CODE = YES;
				CLANG_WARN__DUPLICATE_METHOD_MATCH = YES;
				COPY_PHASE_STRIP = NO;
				DEBUG_INFORMATION_FORMAT = dwarf;
				ENABLE_STRICT_OBJC_MSGSEND = YES;
				ENABLE_TESTABILITY = YES;
				GCC_C_LANGUAGE_STANDARD = gnu11;
				GCC_DYNAMIC_NO_PIC = NO;
				GCC_NO_COMMON_BLOCKS = YES;
				GCC_OPTIMIZATION_LEVEL = 0;
				GCC_PREPROCESSOR_DEFINITIONS = (
					"DEBUG=1",
					"$(inherited)",
				);
				GCC_WARN_64_TO_32_BIT_CONVERSION = YES;
				GCC_WARN_ABOUT_RETURN_TYPE = YES_ERROR;
				GCC_WARN_UNDECLARED_SELECTOR = YES;
				GCC_WARN_UNINITIALIZED_AUTOS = YES_AGGRESSIVE;
				GCC_WARN_UNUSED_FUNCTION = YES;
				GCC_WARN_UNUSED_VARIABLE = YES;
				IPHONEOS_DEPLOYMENT_TARGET = 13.2;
				MTL_ENABLE_DEBUG_INFO = INCLUDE_SOURCE;
				MTL_FAST_MATH = YES;
				ONLY_ACTIVE_ARCH = YES;
				SDKROOT = iphoneos;
				SWIFT_ACTIVE_COMPILATION_CONDITIONS = DEBUG;
				SWIFT_OPTIMIZATION_LEVEL = "-Onone";
			};
			name = Debug;
		};
		DFCF4299248CCA22005DD239 /* Release */ = {
			isa = XCBuildConfiguration;
			buildSettings = {
				ALWAYS_SEARCH_USER_PATHS = NO;
				CLANG_ANALYZER_NONNULL = YES;
				CLANG_ANALYZER_NUMBER_OBJECT_CONVERSION = YES_AGGRESSIVE;
				CLANG_CXX_LANGUAGE_STANDARD = "gnu++14";
				CLANG_CXX_LIBRARY = "libc++";
				CLANG_ENABLE_MODULES = YES;
				CLANG_ENABLE_OBJC_ARC = YES;
				CLANG_ENABLE_OBJC_WEAK = YES;
				CLANG_WARN_BLOCK_CAPTURE_AUTORELEASING = YES;
				CLANG_WARN_BOOL_CONVERSION = YES;
				CLANG_WARN_COMMA = YES;
				CLANG_WARN_CONSTANT_CONVERSION = YES;
				CLANG_WARN_DEPRECATED_OBJC_IMPLEMENTATIONS = YES;
				CLANG_WARN_DIRECT_OBJC_ISA_USAGE = YES_ERROR;
				CLANG_WARN_DOCUMENTATION_COMMENTS = YES;
				CLANG_WARN_EMPTY_BODY = YES;
				CLANG_WARN_ENUM_CONVERSION = YES;
				CLANG_WARN_INFINITE_RECURSION = YES;
				CLANG_WARN_INT_CONVERSION = YES;
				CLANG_WARN_NON_LITERAL_NULL_CONVERSION = YES;
				CLANG_WARN_OBJC_IMPLICIT_RETAIN_SELF = YES;
				CLANG_WARN_OBJC_LITERAL_CONVERSION = YES;
				CLANG_WARN_OBJC_ROOT_CLASS = YES_ERROR;
				CLANG_WARN_RANGE_LOOP_ANALYSIS = YES;
				CLANG_WARN_STRICT_PROTOTYPES = YES;
				CLANG_WARN_SUSPICIOUS_MOVE = YES;
				CLANG_WARN_UNGUARDED_AVAILABILITY = YES_AGGRESSIVE;
				CLANG_WARN_UNREACHABLE_CODE = YES;
				CLANG_WARN__DUPLICATE_METHOD_MATCH = YES;
				COPY_PHASE_STRIP = NO;
				DEBUG_INFORMATION_FORMAT = "dwarf-with-dsym";
				ENABLE_NS_ASSERTIONS = NO;
				ENABLE_STRICT_OBJC_MSGSEND = YES;
				GCC_C_LANGUAGE_STANDARD = gnu11;
				GCC_NO_COMMON_BLOCKS = YES;
				GCC_WARN_64_TO_32_BIT_CONVERSION = YES;
				GCC_WARN_ABOUT_RETURN_TYPE = YES_ERROR;
				GCC_WARN_UNDECLARED_SELECTOR = YES;
				GCC_WARN_UNINITIALIZED_AUTOS = YES_AGGRESSIVE;
				GCC_WARN_UNUSED_FUNCTION = YES;
				GCC_WARN_UNUSED_VARIABLE = YES;
				IPHONEOS_DEPLOYMENT_TARGET = 13.2;
				MTL_ENABLE_DEBUG_INFO = NO;
				MTL_FAST_MATH = YES;
				SDKROOT = iphoneos;
				SWIFT_COMPILATION_MODE = wholemodule;
				SWIFT_OPTIMIZATION_LEVEL = "-O";
				VALIDATE_PRODUCT = YES;
			};
			name = Release;
		};
		DFCF429B248CCA22005DD239 /* Debug */ = {
			isa = XCBuildConfiguration;
			buildSettings = {
				ASSETCATALOG_COMPILER_APPICON_NAME = AppIcon;
				CODE_SIGN_STYLE = Automatic;
				INFOPLIST_FILE = "DARTSLIVE-Home/SupportingFiles/Info.plist";
				LD_RUNPATH_SEARCH_PATHS = (
					"$(inherited)",
					"@executable_path/Frameworks",
				);
				PRODUCT_BUNDLE_IDENTIFIER = "jp.akasako.DARTSLIVE-Home";
				PRODUCT_NAME = "$(TARGET_NAME)";
				SWIFT_VERSION = 5.0;
				TARGETED_DEVICE_FAMILY = "1,2";
			};
			name = Debug;
		};
		DFCF429C248CCA22005DD239 /* Release */ = {
			isa = XCBuildConfiguration;
			buildSettings = {
				ASSETCATALOG_COMPILER_APPICON_NAME = AppIcon;
				CODE_SIGN_STYLE = Automatic;
				INFOPLIST_FILE = "DARTSLIVE-Home/SupportingFiles/Info.plist";
				LD_RUNPATH_SEARCH_PATHS = (
					"$(inherited)",
					"@executable_path/Frameworks",
				);
				PRODUCT_BUNDLE_IDENTIFIER = "jp.akasako.DARTSLIVE-Home";
				PRODUCT_NAME = "$(TARGET_NAME)";
				SWIFT_VERSION = 5.0;
				TARGETED_DEVICE_FAMILY = "1,2";
			};
			name = Release;
		};
/* End XCBuildConfiguration section */

/* Begin XCConfigurationList section */
		DFCF4281248CCA21005DD239 /* Build configuration list for PBXProject "DARTSLIVE-Home" */ = {
			isa = XCConfigurationList;
			buildConfigurations = (
				DFCF4298248CCA22005DD239 /* Debug */,
				DFCF4299248CCA22005DD239 /* Release */,
			);
			defaultConfigurationIsVisible = 0;
			defaultConfigurationName = Release;
		};
		DFCF429A248CCA22005DD239 /* Build configuration list for PBXNativeTarget "DARTSLIVE-Home" */ = {
			isa = XCConfigurationList;
			buildConfigurations = (
				DFCF429B248CCA22005DD239 /* Debug */,
				DFCF429C248CCA22005DD239 /* Release */,
			);
			defaultConfigurationIsVisible = 0;
			defaultConfigurationName = Release;
		};
/* End XCConfigurationList section */
	};
	rootObject = DFCF427E248CCA21005DD239 /* Project object */;
}
